
Microsoft Visual Studio Solution File, Format Version 12.00
# Visual Studio Version 17
VisualStudioVersion = 17.10.34916.146
MinimumVisualStudioVersion = 10.0.40219.1
Project("{FAE04EC0-301F-11D3-BF4B-00C04F79EFBC}") = "Dynamo", "Dynamo\Dynamo.csproj", "{3B9E002C-D49B-4310-8949-F71A3F27BA86}"
EndProject
Global
	GlobalSection(SolutionConfigurationPlatforms) = preSolution
		Debug|Any CPU = Debug|Any CPU
		Release|Any CPU = Release|Any CPU
	EndGlobalSection
	GlobalSection(ProjectConfigurationPlatforms) = postSolution
		{3B9E002C-D49B-4310-8949-F71A3F27BA86}.Debug|Any CPU.ActiveCfg = Debug|Any CPU
		{3B9E002C-D49B-4310-8949-F71A3F27BA86}.Debug|Any CPU.Build.0 = Debug|Any CPU
		{3B9E002C-D49B-4310-8949-F71A3F27BA86}.Release|Any CPU.ActiveCfg = Release|Any CPU
		{3B9E002C-D49B-4310-8949-F71A3F27BA86}.Release|Any CPU.Build.0 = Release|Any CPU
	EndGlobalSection
	GlobalSection(SolutionProperties) = preSolution
		HideSolutionNode = FALSE
	EndGlobalSection
	GlobalSection(ExtensibilityGlobals) = postSolution
		SolutionGuid = {A8177562-32BF-4EC8-A0F0-B8E93A6940D4}
	EndGlobalSection
EndGlobal
